{
  "name": "hark",
  "version": "1.1.4",
  "lockfileVersion": 1,
  "dependencies": {
    "amdefine": {
      "version": "1.0.1",
      "resolved": "https://registry.npmjs.org/amdefine/-/amdefine-1.0.1.tgz",
      "integrity": "sha1-SlKCrBZHKek2Gbz9OtFR+BfOkfU=",
      "dev": true
    },
    "andlog": {
      "version": "1.0.0",
      "resolved": "https://registry.npmjs.org/andlog/-/andlog-1.0.0.tgz",
      "integrity": "sha1-JbOQR6ycHl9rLI5M2157+eZeU0s=",
      "dev": true
    },
    "astw": {
      "version": "0.0.0",
      "resolved": "https://registry.npmjs.org/astw/-/astw-0.0.0.tgz",
      "integrity": "sha1-RJCGaj7xFqr5GtumPKfd9wttWb0=",
      "dev": true
    },
    "attachmediastream": {
      "version": "1.0.1",
      "resolved": "https://registry.npmjs.org/attachmediastream/-/attachmediastream-1.0.1.tgz",
      "integrity": "sha1-EUDYh3Rxh8+SblWidHmu9faH538=",
      "dev": true
    },
    "Base64": {
      "version": "0.1.4",
      "resolved": "https://registry.npmjs.org/Base64/-/Base64-0.1.4.tgz",
      "integrity": "sha1-6fbGvvVn/WNepBYqsU3TKedKpt4=",
      "dev": true
    },
    "base64-js": {
      "version": "0.0.2",
      "resolved": "https://registry.npmjs.org/base64-js/-/base64-js-0.0.2.tgz",
      "integrity": "sha1-Ak8Pcq+iW3X5wO5zzU9V7Bvtl4Q=",
      "dev": true
    },
    "bops": {
      "version": "0.0.6",
      "resolved": "https://registry.npmjs.org/bops/-/bops-0.0.6.tgz",
      "integrity": "sha1-CC0dVfoB5g29wuvC26N/ZZVUzzo=",
      "dev": true
    },
    "bows": {
      "version": "0.1.3",
      "resolved": "https://registry.npmjs.org/bows/-/bows-0.1.3.tgz",
      "integrity": "sha1-31ufayIqEDbMwiEyQdWJ38qDbIY=",
      "dev": true
    },
    "browser-builtins": {
      "version": "1.0.7",
      "resolved": "https://registry.npmjs.org/browser-builtins/-/browser-builtins-1.0.7.tgz",
      "integrity": "sha1-xU3/T/D9espBH8a8LW4B9UR+Y9M=",
      "dev": true
    },
    "browser-pack": {
      "version": "0.9.4",
      "resolved": "https://registry.npmjs.org/browser-pack/-/browser-pack-0.9.4.tgz",
      "integrity": "sha1-yMycox894Gd/1UVJOvi97hS2Dxs=",
      "dev": true
    },
    "browser-resolve": {
      "version": "1.1.4",
      "resolved": "https://registry.npmjs.org/browser-resolve/-/browser-resolve-1.1.4.tgz",
      "integrity": "sha1-/Ds5/7BgwonYZmiHC1EybfDnatw=",
      "dev": true,
      "dependencies": {
        "resolve": {
          "version": "0.5.1",
          "resolved": "https://registry.npmjs.org/resolve/-/resolve-0.5.1.tgz",
          "integrity": "sha1-FeSiIsQja81M+FRUQSwtD7ZSRXY=",
          "dev": true
        }
      }
    },
    "browserify": {
      "version": "2.22.0",
      "resolved": "https://registry.npmjs.org/browserify/-/browserify-2.22.0.tgz",
      "integrity": "sha1-6ZxWnlyOrQB6kj/ghXlkZmsty/M=",
      "dev": true
    },
    "buffer-browserify": {
      "version": "0.1.0",
      "resolved": "https://registry.npmjs.org/buffer-browserify/-/buffer-browserify-0.1.0.tgz",
      "integrity": "sha1-rirwPfaIaV+ja+BfWSyBoGMpjd8=",
      "dev": true
    },
    "callsite": {
      "version": "1.0.0",
      "resolved": "https://registry.npmjs.org/callsite/-/callsite-1.0.0.tgz",
      "integrity": "sha1-KAOY5dZkvXQDi28JBRU+borxvCA=",
      "dev": true
    },
    "combine-source-map": {
      "version": "0.1.3",
      "resolved": "https://registry.npmjs.org/combine-source-map/-/combine-source-map-0.1.3.tgz",
      "integrity": "sha1-3bdZOg8WcriCEnAiUBR7xOnqlc8=",
      "dev": true
    },
    "commondir": {
      "version": "0.0.2",
      "resolved": "https://registry.npmjs.org/commondir/-/commondir-0.0.2.tgz",
      "integrity": "sha1-xJyIgMb+loRLs1Jd0ucxQFDDie4=",
      "dev": true
    },
    "concat-stream": {
      "version": "1.0.1",
      "resolved": "https://registry.npmjs.org/concat-stream/-/concat-stream-1.0.1.tgz",
      "integrity": "sha1-AYsYvBx9BzotyCqkhEI0GixN158=",
      "dev": true
    },
    "console-browserify": {
      "version": "0.1.6",
      "resolved": "https://registry.npmjs.org/console-browserify/-/console-browserify-0.1.6.tgz",
      "integrity": "sha1-0SijwLuINQ61YmxufHGm8P1ImDw=",
      "dev": true
    },
    "constants-browserify": {
      "version": "0.0.1",
      "resolved": "https://registry.npmjs.org/constants-browserify/-/constants-browserify-0.0.1.tgz",
      "integrity": "sha1-kld9tSe6bEzwpFaNhLwDH0QeIfI=",
      "dev": true
    },
    "convert-source-map": {
      "version": "0.2.6",
      "resolved": "https://registry.npmjs.org/convert-source-map/-/convert-source-map-0.2.6.tgz",
      "integrity": "sha1-rg7XNuimNEpYtQqJRyPeXIUd4tQ=",
      "dev": true
    },
    "crypto-browserify": {
      "version": "1.0.9",
      "resolved": "https://registry.npmjs.org/crypto-browserify/-/crypto-browserify-1.0.9.tgz",
      "integrity": "sha1-zFRJaF37hesRyYKKzHy4erW7/MA=",
      "dev": true
    },
    "deep-equal": {
      "version": "0.0.0",
      "resolved": "https://registry.npmjs.org/deep-equal/-/deep-equal-0.0.0.tgz",
      "integrity": "sha1-mWedO70EcVb81FDT0B7rkGhpHoM=",
      "dev": true
    },
    "defined": {
      "version": "0.0.0",
      "resolved": "https://registry.npmjs.org/defined/-/defined-0.0.0.tgz",
      "integrity": "sha1-817qfXBekzuvE7LwOz+D2SFAOz4=",
      "dev": true
    },
    "detective": {
      "version": "2.1.2",
      "resolved": "https://registry.npmjs.org/detective/-/detective-2.1.2.tgz",
      "integrity": "sha1-0irZ8YyC77P1X+4uJEiD2mu7jjc=",
      "dev": true
    },
    "duplexer": {
      "version": "0.0.4",
      "resolved": "https://registry.npmjs.org/duplexer/-/duplexer-0.0.4.tgz",
      "integrity": "sha1-r8t/H4uNdPggcmFx1dZKyeSo/yA=",
      "dev": true
    },
    "escodegen": {
      "version": "0.0.15",
      "resolved": "https://registry.npmjs.org/escodegen/-/escodegen-0.0.15.tgz",
      "integrity": "sha1-/9qcsmtws098wZ8diHVlOa+1Q70=",
      "dev": true
    },
    "esprima": {
      "version": "1.0.2",
      "resolved": "https://registry.npmjs.org/esprima/-/esprima-1.0.2.tgz",
      "integrity": "sha1-gDm/nOrE2dLBX2IyZPspK1UCzq8=",
      "dev": true
    },
    "getusermedia": {
      "version": "0.1.1",
      "resolved": "https://registry.npmjs.org/getusermedia/-/getusermedia-0.1.1.tgz",
      "integrity": "sha1-To+4SgTAzFGAMUVq4GMSMO4qnjI=",
      "dev": true
    },
    "http-browserify": {
      "version": "0.1.14",
      "resolved": "https://registry.npmjs.org/http-browserify/-/http-browserify-0.1.14.tgz",
      "integrity": "sha1-nIs/lAAiBFR8fL5Saa/i6mL3HH8=",
      "dev": true
    },
    "indexof": {
      "version": "0.0.1",
      "resolved": "https://registry.npmjs.org/indexof/-/indexof-0.0.1.tgz",
      "integrity": "sha1-gtwzbSMrkGIXnQWrMpOmYFn9Q10=",
      "dev": true
    },
    "inherits": {
      "version": "1.0.2",
      "resolved": "https://registry.npmjs.org/inherits/-/inherits-1.0.2.tgz",
      "integrity": "sha1-ykMJ2t7mtUzAuNJH6NfHoJdb3Js=",
      "dev": true
    },
    "inline-source-map": {
      "version": "0.2.5",
      "resolved": "https://registry.npmjs.org/inline-source-map/-/inline-source-map-0.2.5.tgz",
      "integrity": "sha1-JC/2wYufsJNPep6DwUIZxhwTFnA=",
      "dev": true
    },
    "insert-module-globals": {
      "version": "1.2.1",
      "resolved": "https://registry.npmjs.org/insert-module-globals/-/insert-module-globals-1.2.1.tgz",
      "integrity": "sha1-CbSMZu0yamwbvOA1mEM8YMfCTRM=",
      "dev": true,
      "dependencies": {
        "JSONStream": {
          "version": "0.4.4",
          "resolved": "https://registry.npmjs.org/JSONStream/-/JSONStream-0.4.4.tgz",
          "integrity": "sha1-zCzxGShsRb4VBCPLwSjUgOm1SuI=",
          "dev": true
        },
        "through": {
          "version": "2.2.7",
          "resolved": "https://registry.npmjs.org/through/-/through-2.2.7.tgz",
          "integrity": "sha1-bo4hIAGR1OtqmfbwEN9Gqhxusr0=",
          "dev": true
        }
      }
    },
    "jsonify": {
      "version": "0.0.0",
      "resolved": "https://registry.npmjs.org/jsonify/-/jsonify-0.0.0.tgz",
      "integrity": "sha1-LHS27kHZPKUbe1qu6PUDYx0lKnM=",
      "dev": true
    },
    "jsonparse": {
      "version": "0.0.5",
      "resolved": "https://registry.npmjs.org/jsonparse/-/jsonparse-0.0.5.tgz",
      "integrity": "sha1-MwVCrT8KZUZlt3jz6y2an6UHrGQ=",
      "dev": true
    },
    "JSONStream": {
      "version": "0.6.4",
      "resolved": "https://registry.npmjs.org/JSONStream/-/JSONStream-0.6.4.tgz",
      "integrity": "sha1-SyyAY/j1Enh7I3X37p22kgj6Lcs=",
      "dev": true,
      "dependencies": {
        "through": {
          "version": "2.2.7",
          "resolved": "https://registry.npmjs.org/through/-/through-2.2.7.tgz",
          "integrity": "sha1-bo4hIAGR1OtqmfbwEN9Gqhxusr0=",
          "dev": true
        }
      }
    },
    "lexical-scope": {
      "version": "0.0.15",
      "resolved": "https://registry.npmjs.org/lexical-scope/-/lexical-scope-0.0.15.tgz",
      "integrity": "sha1-yllZl6rth7FVywQfSNwEOPSKBNw=",
      "dev": true
    },
    "module-deps": {
      "version": "0.13.1",
      "resolved": "https://registry.npmjs.org/module-deps/-/module-deps-0.13.1.tgz",
      "integrity": "sha1-bTFwiz1GOFT4dANK5RnxsiSRgOk=",
      "dev": true,
      "dependencies": {
        "resolve": {
          "version": "0.4.3",
          "resolved": "https://registry.npmjs.org/resolve/-/resolve-0.4.3.tgz",
          "integrity": "sha1-3K2tIC58rMJGfjo4gAIR9C+cE98=",
          "dev": true
        }
      }
    },
    "optimist": {
      "version": "0.5.2",
      "resolved": "https://registry.npmjs.org/optimist/-/optimist-0.5.2.tgz",
      "integrity": "sha1-hcjBRUszFeSniUfoV7HfAzRQv7w=",
      "dev": true
    },
    "parse-base64vlq-mappings": {
      "version": "0.1.4",
      "resolved": "https://registry.npmjs.org/parse-base64vlq-mappings/-/parse-base64vlq-mappings-0.1.4.tgz",
      "integrity": "sha1-/PXd3tOaAQ3449xgnIbtAQF9+pg=",
      "dev": true
    },
    "process": {
      "version": "0.5.2",
      "resolved": "https://registry.npmjs.org/process/-/process-0.5.2.tgz",
      "integrity": "sha1-FjjYqONML0QKkduVq5rrZ3/Bhc8=",
      "dev": true
    },
    "punycode": {
      "version": "1.2.4",
      "resolved": "https://registry.npmjs.org/punycode/-/punycode-1.2.4.tgz",
      "integrity": "sha1-VACKyXKux0F13vnLpt9/qdORh0A=",
      "dev": true
    },
    "resolve": {
      "version": "0.3.1",
      "resolved": "https://registry.npmjs.org/resolve/-/resolve-0.3.1.tgz",
      "integrity": "sha1-NMY0R8ZkxwWY0cmxJvxDsqJDEKQ=",
      "dev": true
    },
    "rfile": {
      "version": "1.0.0",
      "resolved": "https://registry.npmjs.org/rfile/-/rfile-1.0.0.tgz",
      "integrity": "sha1-WXCM+Qyh50xUw8/Fw2/bmBBDUmE=",
      "dev": true
    },
    "ruglify": {
      "version": "1.0.0",
      "resolved": "https://registry.npmjs.org/ruglify/-/ruglify-1.0.0.tgz",
      "integrity": "sha1-3Ikw4qlUSidDAcyZcldMDQmGtnU=",
      "dev": true
    },
    "shell-quote": {
      "version": "0.0.1",
      "resolved": "https://registry.npmjs.org/shell-quote/-/shell-quote-0.0.1.tgz",
      "integrity": "sha1-GkEZbzwDM8SCMjWT1ohuzxU92YY=",
      "dev": true
    },
    "source-map": {
      "version": "0.1.43",
      "resolved": "https://registry.npmjs.org/source-map/-/source-map-0.1.43.tgz",
      "integrity": "sha1-wkvBRspRfBRx9drL4lcbK3+eM0Y=",
      "dev": true
    },
    "syntax-error": {
      "version": "0.0.1",
      "resolved": "https://registry.npmjs.org/syntax-error/-/syntax-error-0.0.1.tgz",
      "integrity": "sha1-AZ0HU0jNjFt58GA8c+U4kafFI10=",
      "dev": true,
      "dependencies": {
        "esprima": {
          "version": "0.9.9",
          "resolved": "https://registry.npmjs.org/esprima/-/esprima-0.9.9.tgz",
          "integrity": "sha1-G5CSXJddYy1ygpOcO7nDpCPDBJA=",
          "dev": true
        }
      }
    },
    "tape": {
      "version": "0.2.2",
      "resolved": "https://registry.npmjs.org/tape/-/tape-0.2.2.tgz",
      "integrity": "sha1-ZMz6S37PSgBgAH5hcW1CR4FnFjc=",
      "dev": true
    },
    "through": {
      "version": "2.3.8",
      "resolved": "https://registry.npmjs.org/through/-/through-2.3.8.tgz",
      "integrity": "sha1-DdTJ/6q8NXlgsbckEV1+Doai4fU=",
      "dev": true
    },
    "to-utf8": {
      "version": "0.0.1",
      "resolved": "https://registry.npmjs.org/to-utf8/-/to-utf8-0.0.1.tgz",
      "integrity": "sha1-0Xrqcv8vujm55DYBvns/9y4ImFI=",
      "dev": true
    },
    "uglify-js": {
      "version": "2.2.5",
      "resolved": "https://registry.npmjs.org/uglify-js/-/uglify-js-2.2.5.tgz",
      "integrity": "sha1-puAqcNg5eSuXgEiLe4sYTAlcmcc=",
      "dev": true,
      "dependencies": {
        "optimist": {
          "version": "0.3.7",
          "resolved": "https://registry.npmjs.org/optimist/-/optimist-0.3.7.tgz",
          "integrity": "sha1-yQlBrVnkJzMokjB00s8ufLxuwNk=",
          "dev": true
        }
      }
    },
    "umd": {
      "version": "1.1.1",
      "resolved": "https://registry.npmjs.org/umd/-/umd-1.1.1.tgz",
      "integrity": "sha1-SBtkZVsbPbDB85ECJcOAT8bX7Fg=",
      "dev": true
    },
    "vm-browserify": {
      "version": "0.0.4",
      "resolved": "https://registry.npmjs.org/vm-browserify/-/vm-browserify-0.0.4.tgz",
      "integrity": "sha1-XX6kW7755Kb/ZflUOOCofDV9WnM=",
      "dev": true
    },
    "wildemitter": {
      "version": "1.2.0",
      "resolved": "https://registry.npmjs.org/wildemitter/-/wildemitter-1.2.0.tgz",
      "integrity": "sha1-Kd06ctaZw+J53QIcPNIVC4LJohE="
    },
    "wordwrap": {
      "version": "0.0.3",
      "resolved": "https://registry.npmjs.org/wordwrap/-/wordwrap-0.0.3.tgz",
      "integrity": "sha1-o9XabNXAvAAI03I0u68b7WMFkQc=",
      "dev": true
    },
    "zlib-browserify": {
      "version": "0.0.3",
      "resolved": "https://registry.npmjs.org/zlib-browserify/-/zlib-browserify-0.0.3.tgz",
      "integrity": "sha1-JAzNv9AgP6hCsTDe77FBQSLIzFA=",
      "dev": true
    }
  }
}
